{
  "name": "bot",
  "version": "1.0.0",
  "lockfileVersion": 3,
  "requires": true,
  "packages": {
    "": {
      "name": "bot",
      "version": "1.0.0",
      "license": "ISC",
      "dependencies": {
        "ccxt": "^4.3.49",
        "delay": "^6.0.0",
        "moment": "^2.30.1"
      }
    },
    "node_modules/ccxt": {
      "version": "4.3.49",
      "resolved": "https://registry.npmjs.org/ccxt/-/ccxt-4.3.49.tgz",
      "integrity": "sha512-3L5yJGRy/WGh25swU9b3q4nI0kagTWPytTkyfGprg2rMYr2N9a9xH3Z9C12Oh2DkL4lT+a3OtxDdcFqiYMPyyQ==",
      "hasInstallScript": true,
      "dependencies": {
        "ws": "^8.8.1"
      },
      "bin": {
        "ccxt": "examples/js/cli.js"
      },
      "engines": {
        "node": ">=15.0.0"
      }
    },
    "node_modules/delay": {
      "version": "6.0.0",
      "resolved": "https://registry.npmjs.org/delay/-/delay-6.0.0.tgz",
      "integrity": "sha512-2NJozoOHQ4NuZuVIr5CWd0iiLVIRSDepakaovIN+9eIDHEhdCAEvSy2cuf1DCrPPQLvHmbqTHODlhHg8UCy4zw==",
      "engines": {
        "node": ">=16"
      },
      "funding": {
        "url": "https://github.com/sponsors/sindresorhus"
      }
    },
    "node_modules/moment": {
      "version": "2.30.1",
      "resolved": "https://registry.npmjs.org/moment/-/moment-2.30.1.tgz",
      "integrity": "sha512-uEmtNhbDOrWPFS+hdjFCBfy9f2YoyzRpwcl+DqpC6taX21FzsTLQVbMV/W7PzNSX6x/bhC1zA3c2UQ5NzH6how==",
      "engines": {
        "node": "*"
      }
    },
    "node_modules/ws": {
      "version": "8.17.1",
      "resolved": "https://registry.npmjs.org/ws/-/ws-8.17.1.tgz",
      "integrity": "sha512-6XQFvXTkbfUOZOKKILFG1PDK2NDQs4azKQl26T0YS5CxqWLgXajbPZ+h4gZekJyRqFU8pvnbAbbs/3TgRPy+GQ==",
      "engines": {
        "node": ">=10.0.0"
      },
      "peerDependencies": {
        "bufferutil": "^4.0.1",
        "utf-8-validate": ">=5.0.2"
      },
      "peerDependenciesMeta": {
        "bufferutil": {
          "optional": true
        },
        "utf-8-validate": {
          "optional": true
        }
      }
    }
  }
}
